<Solution>
  <Folder Name="/examples/" />
  <Folder Name="/examples/simple-workflow/">
    <Project Path="examples/SampleWorkflow/SampleWorkflow.Spaces/SampleWorkflow.Spaces.csproj" />
    <Project Path="examples/SampleWorkflow/SampleWorkflow.Work/SampleWorkflow.Work.csproj" />
    <Project Path="examples/SampleWorkflow/SampleWorkflow.Process/SampleWorkflow.Process.csproj" />
    <Project Path="examples/SampleWorkflow/SampleWorkflow.Grounding/SampleWorkflow.Grounding.csproj" />
    <Project Path="examples/SampleWorkflow/SampleWorkflow.Api/SampleWorkflow.Api.csproj" />
    <Project Path="examples/SampleWorkflow/SampleWorkflow.Process.Tests/SampleWorkflow.Process.Tests.csproj" />
  </Folder>
  <Folder Name="/examples/sample-file-repo/">
    <Project Path="examples/SampleFileRepo/SampleFileRepo/SampleFileRepo.csproj" />
  </Folder>
  <Folder Name="/examples/sample-bff/">
    <Project Path="examples/SampleBFF/SampleBFF/SampleBFF.csproj" />
    <Project Path="examples/SampleBFF/SampleBFF.Tests/SampleBFF.Tests.csproj" />
  </Folder>
  <Folder Name="/examples/space-modeling/">
    <Project Path="examples/VSlices.Space.Modeling/VSlices.Space.Modeling.csproj" />
  </Folder>
  <Folder Name="/Solution Items/">
    <File Path="AGENTS.md" />
    <File Path="docs/architecture.md" />
    <File Path="docs/capabilities.md" />
    <File Path="docs/do-not.md" />
    <File Path="docs/feature-model.md" />
    <File Path="docs/point-algebras.md" />
  </Folder>
  <Folder Name="/src/">
    <File Path="src/Directory.Build.props" />
    <Project Path="src/VSlices.Grounding.EntityFrameworkCore/VSlices.Grounding.EntityFrameworkCore.csproj" />
    <Project Path="src/VSlices.Grounding/VSlices.Grounding.csproj" />
    <Project Path="src/VSlices.Space.Products/VSlices.Space.Products.csproj" />
    <Project Path="src/VSlices.Space.Services/VSlices.Space.Services.csproj" />
    <Project Path="src/VSlices.Space/VSlices.Space.csproj" />
    <Project Path="src/VSlices.Views.Abstract/VSlices.Views.Abstract.csproj" />
    <Project Path="src/VSlices.Work.Products/VSlices.Work.Products.csproj" />
    <Project Path="src/VSlices.Work.Services/VSlices.Work.Services.csproj" />
    <Project Path="src/VSlices.Work/VSlices.Work.csproj" />
    <Project Path="src/VSlices/VSlices.csproj" />
  </Folder>
  <Folder Name="/tests/">
    <Project Path="tests/VSlices.Grounding.EntityFrameworkCore.Tests/VSlices.Grounding.EntityFrameworkCore.Tests.csproj" />
    <Project Path="tests/VSlices.Grounding.Tests/VSlices.Grounding.Tests.csproj" />
    <Project Path="tests/VSlices.Space.Modeling.Tests/VSlices.Space.Modeling.Tests.csproj" />
    <Project Path="tests/VSlices.Space.Tests/VSlices.Space.Tests.csproj" />
    <Project Path="tests/VSlices.Work.Algebra.Tests/VSlices.Work.Algebra.Tests.csproj" />
  </Folder>
</Solution>
